
Microsoft Visual Studio Solution File, Format Version 12.00
# Visual Studio Version 17
VisualStudioVersion = 17.0.31903.59
MinimumVisualStudioVersion = 10.0.40219.1
Project("{2150E333-8FDC-42A3-9474-1A3956D46DE8}") = "src", "src", "{7222879C-73ED-48D3-897F-5D8E445F4BE6}"
EndProject
Project("{FAE04EC0-301F-11D3-BF4B-00C04F79EFBC}") = "ClipBuffer.Core", "src\ClipBuffer.Core\ClipBuffer.Core.csproj", "{9109214E-4574-4BA0-82E2-26BC6E9A5756}"
EndProject
Project("{FAE04EC0-301F-11D3-BF4B-00C04F79EFBC}") = "ClipBuffer.App", "src\ClipBuffer.App\ClipBuffer.App.csproj", "{BB486BF2-9B11-4567-90A0-F3179BDD1EBF}"
EndProject
Project("{2150E333-8FDC-42A3-9474-1A3956D46DE8}") = "tests", "tests", "{04FFBCFF-EA44-4590-AEB6-F5424B53F606}"
EndProject
Project("{FAE04EC0-301F-11D3-BF4B-00C04F79EFBC}") = "ClipBuffer.Tests", "tests\ClipBuffer.Tests\ClipBuffer.Tests.csproj", "{38E1B808-9FFB-4E5F-9653-93FCCEEBED07}"
EndProject
Global
	GlobalSection(SolutionConfigurationPlatforms) = preSolution
		Debug|Any CPU = Debug|Any CPU
		Release|Any CPU = Release|Any CPU
	EndGlobalSection
	GlobalSection(SolutionProperties) = preSolution
		HideSolutionNode = FALSE
	EndGlobalSection
	GlobalSection(ProjectConfigurationPlatforms) = postSolution
		{9109214E-4574-4BA0-82E2-26BC6E9A5756}.Debug|Any CPU.ActiveCfg = Debug|Any CPU
		{9109214E-4574-4BA0-82E2-26BC6E9A5756}.Debug|Any CPU.Build.0 = Debug|Any CPU
		{9109214E-4574-4BA0-82E2-26BC6E9A5756}.Release|Any CPU.ActiveCfg = Release|Any CPU
		{9109214E-4574-4BA0-82E2-26BC6E9A5756}.Release|Any CPU.Build.0 = Release|Any CPU
		{BB486BF2-9B11-4567-90A0-F3179BDD1EBF}.Debug|Any CPU.ActiveCfg = Debug|Any CPU
		{BB486BF2-9B11-4567-90A0-F3179BDD1EBF}.Debug|Any CPU.Build.0 = Debug|Any CPU
		{BB486BF2-9B11-4567-90A0-F3179BDD1EBF}.Release|Any CPU.ActiveCfg = Release|Any CPU
		{BB486BF2-9B11-4567-90A0-F3179BDD1EBF}.Release|Any CPU.Build.0 = Release|Any CPU
		{38E1B808-9FFB-4E5F-9653-93FCCEEBED07}.Debug|Any CPU.ActiveCfg = Debug|Any CPU
		{38E1B808-9FFB-4E5F-9653-93FCCEEBED07}.Debug|Any CPU.Build.0 = Debug|Any CPU
		{38E1B808-9FFB-4E5F-9653-93FCCEEBED07}.Release|Any CPU.ActiveCfg = Release|Any CPU
		{38E1B808-9FFB-4E5F-9653-93FCCEEBED07}.Release|Any CPU.Build.0 = Release|Any CPU
	EndGlobalSection
	GlobalSection(NestedProjects) = preSolution
		{9109214E-4574-4BA0-82E2-26BC6E9A5756} = {7222879C-73ED-48D3-897F-5D8E445F4BE6}
		{BB486BF2-9B11-4567-90A0-F3179BDD1EBF} = {7222879C-73ED-48D3-897F-5D8E445F4BE6}
		{38E1B808-9FFB-4E5F-9653-93FCCEEBED07} = {04FFBCFF-EA44-4590-AEB6-F5424B53F606}
	EndGlobalSection
EndGlobal
